
Microsoft Visual Studio Solution File, Format Version 12.00
# Visual Studio Version 17
VisualStudioVersion = 17.7.34031.279
MinimumVisualStudioVersion = 10.0.40219.1
Project("{2150E333-8FDC-42A3-9474-1A3956D46DE8}") = "carrier.service", "carrier.service", "{DD6B86B1-4FD3-4AE9-B4D7-76E4040D4AB0}"
EndProject
Project("{FAE04EC0-301F-11D3-BF4B-00C04F79EFBC}") = "Carrier.Service", "Carrier.Service\Carrier.Service.csproj", "{75AAFE3C-B2BB-4890-B3C1-E204186E9951}"
EndProject
Project("{2150E333-8FDC-42A3-9474-1A3956D46DE8}") = "beneficiary.service", "beneficiary.service", "{9C113D6B-09D5-4E52-85B7-E44A5757935D}"
EndProject
Project("{FAE04EC0-301F-11D3-BF4B-00C04F79EFBC}") = "Beneficiary.Service", "Beneficiary.Service\Beneficiary.Service.csproj", "{5DB5FEDC-CED7-4BEF-B63B-C6D157399A99}"
EndProject
Global
	GlobalSection(SolutionConfigurationPlatforms) = preSolution
		Debug|Any CPU = Debug|Any CPU
		Release|Any CPU = Release|Any CPU
	EndGlobalSection
	GlobalSection(ProjectConfigurationPlatforms) = postSolution
		{75AAFE3C-B2BB-4890-B3C1-E204186E9951}.Debug|Any CPU.ActiveCfg = Debug|Any CPU
		{75AAFE3C-B2BB-4890-B3C1-E204186E9951}.Debug|Any CPU.Build.0 = Debug|Any CPU
		{75AAFE3C-B2BB-4890-B3C1-E204186E9951}.Release|Any CPU.ActiveCfg = Release|Any CPU
		{75AAFE3C-B2BB-4890-B3C1-E204186E9951}.Release|Any CPU.Build.0 = Release|Any CPU
		{5DB5FEDC-CED7-4BEF-B63B-C6D157399A99}.Debug|Any CPU.ActiveCfg = Debug|Any CPU
		{5DB5FEDC-CED7-4BEF-B63B-C6D157399A99}.Debug|Any CPU.Build.0 = Debug|Any CPU
		{5DB5FEDC-CED7-4BEF-B63B-C6D157399A99}.Release|Any CPU.ActiveCfg = Release|Any CPU
		{5DB5FEDC-CED7-4BEF-B63B-C6D157399A99}.Release|Any CPU.Build.0 = Release|Any CPU
	EndGlobalSection
	GlobalSection(SolutionProperties) = preSolution
		HideSolutionNode = FALSE
	EndGlobalSection
	GlobalSection(NestedProjects) = preSolution
		{75AAFE3C-B2BB-4890-B3C1-E204186E9951} = {DD6B86B1-4FD3-4AE9-B4D7-76E4040D4AB0}
		{5DB5FEDC-CED7-4BEF-B63B-C6D157399A99} = {9C113D6B-09D5-4E52-85B7-E44A5757935D}
	EndGlobalSection
	GlobalSection(ExtensibilityGlobals) = postSolution
		SolutionGuid = {436D5338-70EB-49AB-A009-C11CAEEC1304}
	EndGlobalSection
EndGlobal
